
Microsoft Visual Studio Solution File, Format Version 12.00
# Visual Studio Version 16
VisualStudioVersion = 16.0.28803.156
MinimumVisualStudioVersion = 10.0.40219.1
Project("{FAE04EC0-301F-11D3-BF4B-00C04F79EFBC}") = "R6DCS", "R6DCS\R6DCS.csproj", "{4572F287-49D7-4C55-8EC0-AB8C6EDB3738}"
EndProject
Global
	GlobalSection(SolutionConfigurationPlatforms) = preSolution
		Debug|Any CPU = Debug|Any CPU
		Release|Any CPU = Release|Any CPU
	EndGlobalSection
	GlobalSection(ProjectConfigurationPlatforms) = postSolution
		{4572F287-49D7-4C55-8EC0-AB8C6EDB3738}.Debug|Any CPU.ActiveCfg = Debug|Any CPU
		{4572F287-49D7-4C55-8EC0-AB8C6EDB3738}.Debug|Any CPU.Build.0 = Debug|Any CPU
		{4572F287-49D7-4C55-8EC0-AB8C6EDB3738}.Release|Any CPU.ActiveCfg = Release|Any CPU
		{4572F287-49D7-4C55-8EC0-AB8C6EDB3738}.Release|Any CPU.Build.0 = Release|Any CPU
	EndGlobalSection
	GlobalSection(SolutionProperties) = preSolution
		HideSolutionNode = FALSE
	EndGlobalSection
	GlobalSection(ExtensibilityGlobals) = postSolution
		SolutionGuid = {3385DAC8-3639-4EE0-AC8A-184C04231159}
	EndGlobalSection
EndGlobal
